// !$*UTF8*$!
{
	archiveVersion = 1;
	classes = {
	};
	objectVersion = 50;
	objects = {

/* Begin PBXBuildFile section */
		1812D35121D3775900AB1C0E /* AppDelegate.swift in Sources */ = {isa = PBXBuildFile; fileRef = 1812D35021D3775900AB1C0E /* AppDelegate.swift */; };
		1812D35621D3775900AB1C0E /* Main.storyboard in Resources */ = {isa = PBXBuildFile; fileRef = 1812D35421D3775900AB1C0E /* Main.storyboard */; };
		1812D35821D3775A00AB1C0E /* Assets.xcassets in Resources */ = {isa = PBXBuildFile; fileRef = 1812D35721D3775A00AB1C0E /* Assets.xcassets */; };
		1812D35B21D3775A00AB1C0E /* LaunchScreen.storyboard in Resources */ = {isa = PBXBuildFile; fileRef = 1812D35921D3775A00AB1C0E /* LaunchScreen.storyboard */; };
		1812D36721D37F5E00AB1C0E /* MainTabbarControllerView.swift in Sources */ = {isa = PBXBuildFile; fileRef = 1812D36621D37F5E00AB1C0E /* MainTabbarControllerView.swift */; };
		1812D37021D3807100AB1C0E /* HomeViewController.swift in Sources */ = {isa = PBXBuildFile; fileRef = 1812D36F21D3807100AB1C0E /* HomeViewController.swift */; };
		1812D37321D3821D00AB1C0E /* UIBarbarItem.swift in Sources */ = {isa = PBXBuildFile; fileRef = 1812D37221D3821D00AB1C0E /* UIBarbarItem.swift */; };
		1812D37521D3833300AB1C0E /* PageTitleView.swift in Sources */ = {isa = PBXBuildFile; fileRef = 1812D37421D3833300AB1C0E /* PageTitleView.swift */; };
		1812D37821D3847900AB1C0E /* Common.swift in Sources */ = {isa = PBXBuildFile; fileRef = 1812D37721D3847900AB1C0E /* Common.swift */; };
		1842FE7321D4A170008E5980 /* PageContentView.swift in Sources */ = {isa = PBXBuildFile; fileRef = 1842FE7221D4A170008E5980 /* PageContentView.swift */; };
/* End PBXBuildFile section */

/* Begin PBXFileReference section */
		1812D34D21D3775900AB1C0E /* Live.app */ = {isa = PBXFileReference; explicitFileType = wrapper.application; includeInIndex = 0; path = Live.app; sourceTree = BUILT_PRODUCTS_DIR; };
		1812D35021D3775900AB1C0E /* AppDelegate.swift */ = {isa = PBXFileReference; lastKnownFileType = sourcecode.swift; path = AppDelegate.swift; sourceTree = "<group>"; };
		1812D35521D3775900AB1C0E /* Base */ = {isa = PBXFileReference; lastKnownFileType = file.storyboard; name = Base; path = Base.lproj/Main.storyboard; sourceTree = "<group>"; };
		1812D35721D3775A00AB1C0E /* Assets.xcassets */ = {isa = PBXFileReference; lastKnownFileType = folder.assetcatalog; path = Assets.xcassets; sourceTree = "<group>"; };
		1812D35A21D3775A00AB1C0E /* Base */ = {isa = PBXFileReference; lastKnownFileType = file.storyboard; name = Base; path = Base.lproj/LaunchScreen.storyboard; sourceTree = "<group>"; };
		1812D35C21D3775A00AB1C0E /* Info.plist */ = {isa = PBXFileReference; lastKnownFileType = text.plist.xml; path = Info.plist; sourceTree = "<group>"; };
		1812D36621D37F5E00AB1C0E /* MainTabbarControllerView.swift */ = {isa = PBXFileReference; lastKnownFileType = sourcecode.swift; path = MainTabbarControllerView.swift; sourceTree = "<group>"; };
		1812D36F21D3807100AB1C0E /* HomeViewController.swift */ = {isa = PBXFileReference; lastKnownFileType = sourcecode.swift; path = HomeViewController.swift; sourceTree = "<group>"; };
		1812D37221D3821D00AB1C0E /* UIBarbarItem.swift */ = {isa = PBXFileReference; lastKnownFileType = sourcecode.swift; path = UIBarbarItem.swift; sourceTree = "<group>"; };
		1812D37421D3833300AB1C0E /* PageTitleView.swift */ = {isa = PBXFileReference; lastKnownFileType = sourcecode.swift; path = PageTitleView.swift; sourceTree = "<group>"; };
		1812D37721D3847900AB1C0E /* Common.swift */ = {isa = PBXFileReference; lastKnownFileType = sourcecode.swift; path = Common.swift; sourceTree = "<group>"; };
		1842FE7221D4A170008E5980 /* PageContentView.swift */ = {isa = PBXFileReference; lastKnownFileType = sourcecode.swift; path = PageContentView.swift; sourceTree = "<group>"; };
/* End PBXFileReference section */

/* Begin PBXFrameworksBuildPhase section */
		1812D34A21D3775900AB1C0E /* Frameworks */ = {
			isa = PBXFrameworksBuildPhase;
			buildActionMask = 2147483647;
			files = (
			);
			runOnlyForDeploymentPostprocessing = 0;
		};
/* End PBXFrameworksBuildPhase section */

/* Begin PBXGroup section */
		1812D34421D3775900AB1C0E = {
			isa = PBXGroup;
			children = (
				1812D34F21D3775900AB1C0E /* Live */,
				1812D34E21D3775900AB1C0E /* Products */,
			);
			sourceTree = "<group>";
		};
		1812D34E21D3775900AB1C0E /* Products */ = {
			isa = PBXGroup;
			children = (
				1812D34D21D3775900AB1C0E /* Live.app */,
			);
			name = Products;
			sourceTree = "<group>";
		};
		1812D34F21D3775900AB1C0E /* Live */ = {
			isa = PBXGroup;
			children = (
				1812D35021D3775900AB1C0E /* AppDelegate.swift */,
				1812D36521D37F1F00AB1C0E /* Main */,
				1812D36221D37AF600AB1C0E /* Home */,
				1812D36821D3801600AB1C0E /* Live */,
				1812D37121D381E700AB1C0E /* Extension */,
				1812D35421D3775900AB1C0E /* Main.storyboard */,
				1812D35721D3775A00AB1C0E /* Assets.xcassets */,
				1812D37621D3846A00AB1C0E /* Tools */,
				1812D35921D3775A00AB1C0E /* LaunchScreen.storyboard */,
				1812D35C21D3775A00AB1C0E /* Info.plist */,
			);
			path = Live;
			sourceTree = "<group>";
		};
		1812D36221D37AF600AB1C0E /* Home */ = {
			isa = PBXGroup;
			children = (
				1812D36A21D3803C00AB1C0E /* Controller */,
				1812D36B21D3804400AB1C0E /* Model */,
				1812D36921D3803100AB1C0E /* View */,
			);
			path = Home;
			sourceTree = "<group>";
		};
		1812D36521D37F1F00AB1C0E /* Main */ = {
			isa = PBXGroup;
			children = (
				1812D36621D37F5E00AB1C0E /* MainTabbarControllerView.swift */,
			);
			path = Main;
			sourceTree = "<group>";
		};
		1812D36821D3801600AB1C0E /* Live */ = {
			isa = PBXGroup;
			children = (
				1812D36C21D3804A00AB1C0E /* Model */,
				1812D36D21D3804A00AB1C0E /* Controller */,
				1812D36E21D3804A00AB1C0E /* View */,
			);
			path = Live;
			sourceTree = "<group>";
		};
		1812D36921D3803100AB1C0E /* View */ = {
			isa = PBXGroup;
			children = (
				1812D37421D3833300AB1C0E /* PageTitleView.swift */,
				1842FE7221D4A170008E5980 /* PageContentView.swift */,
			);
			path = View;
			sourceTree = "<group>";
		};
		1812D36A21D3803C00AB1C0E /* Controller */ = {
			isa = PBXGroup;
			children = (
				1812D36F21D3807100AB1C0E /* HomeViewController.swift */,
			);
			path = Controller;
			sourceTree = "<group>";
		};
		1812D36B21D3804400AB1C0E /* Model */ = {
			isa = PBXGroup;
			children = (
			);
			path = Model;
			sourceTree = "<group>";
		};
		1812D36C21D3804A00AB1C0E /* Model */ = {
			isa = PBXGroup;
			children = (
			);
			path = Model;
			sourceTree = "<group>";
		};
		1812D36D21D3804A00AB1C0E /* Controller */ = {
			isa = PBXGroup;
			children = (
			);
			path = Controller;
			sourceTree = "<group>";
		};
		1812D36E21D3804A00AB1C0E /* View */ = {
			isa = PBXGroup;
			children = (
			);
			path = View;
			sourceTree = "<group>";
		};
		1812D37121D381E700AB1C0E /* Extension */ = {
			isa = PBXGroup;
			children = (
				1812D37221D3821D00AB1C0E /* UIBarbarItem.swift */,
			);
			path = Extension;
			sourceTree = "<group>";
		};
		1812D37621D3846A00AB1C0E /* Tools */ = {
			isa = PBXGroup;
			children = (
				1812D37721D3847900AB1C0E /* Common.swift */,
			);
			path = Tools;
			sourceTree = "<group>";
		};
/* End PBXGroup section */

/* Begin PBXNativeTarget section */
		1812D34C21D3775900AB1C0E /* Live */ = {
			isa = PBXNativeTarget;
			buildConfigurationList = 1812D35F21D3775A00AB1C0E /* Build configuration list for PBXNativeTarget "Live" */;
			buildPhases = (
				1812D34921D3775900AB1C0E /* Sources */,
				1812D34A21D3775900AB1C0E /* Frameworks */,
				1812D34B21D3775900AB1C0E /* Resources */,
			);
			buildRules = (
			);
			dependencies = (
			);
			name = Live;
			productName = Live;
			productReference = 1812D34D21D3775900AB1C0E /* Live.app */;
			productType = "com.apple.product-type.application";
		};
/* End PBXNativeTarget section */

/* Begin PBXProject section */
		1812D34521D3775900AB1C0E /* Project object */ = {
			isa = PBXProject;
			attributes = {
				LastSwiftUpdateCheck = 1010;
				LastUpgradeCheck = 1010;
				ORGANIZATIONNAME = apple;
				TargetAttributes = {
					1812D34C21D3775900AB1C0E = {
						CreatedOnToolsVersion = 10.1;
					};
				};
			};
			buildConfigurationList = 1812D34821D3775900AB1C0E /* Build configuration list for PBXProject "Live" */;
			compatibilityVersion = "Xcode 9.3";
			developmentRegion = en;
			hasScannedForEncodings = 0;
			knownRegions = (
				en,
				Base,
			);
			mainGroup = 1812D34421D3775900AB1C0E;
			productRefGroup = 1812D34E21D3775900AB1C0E /* Products */;
			projectDirPath = "";
			projectRoot = "";
			targets = (
				1812D34C21D3775900AB1C0E /* Live */,
			);
		};
/* End PBXProject section */

/* Begin PBXResourcesBuildPhase section */
		1812D34B21D3775900AB1C0E /* Resources */ = {
			isa = PBXResourcesBuildPhase;
			buildActionMask = 2147483647;
			files = (
				1812D35B21D3775A00AB1C0E /* LaunchScreen.storyboard in Resources */,
				1812D35821D3775A00AB1C0E /* Assets.xcassets in Resources */,
				1812D35621D3775900AB1C0E /* Main.storyboard in Resources */,
			);
			runOnlyForDeploymentPostprocessing = 0;
		};
/* End PBXResourcesBuildPhase section */

/* Begin PBXSourcesBuildPhase section */
		1812D34921D3775900AB1C0E /* Sources */ = {
			isa = PBXSourcesBuildPhase;
			buildActionMask = 2147483647;
			files = (
				1812D37321D3821D00AB1C0E /* UIBarbarItem.swift in Sources */,
				1812D35121D3775900AB1C0E /* AppDelegate.swift in Sources */,
				1812D37521D3833300AB1C0E /* PageTitleView.swift in Sources */,
				1842FE7321D4A170008E5980 /* PageContentView.swift in Sources */,
				1812D36721D37F5E00AB1C0E /* MainTabbarControllerView.swift in Sources */,
				1812D37821D3847900AB1C0E /* Common.swift in Sources */,
				1812D37021D3807100AB1C0E /* HomeViewController.swift in Sources */,
			);
			runOnlyForDeploymentPostprocessing = 0;
		};
/* End PBXSourcesBuildPhase section */

/* Begin PBXVariantGroup section */
		1812D35421D3775900AB1C0E /* Main.storyboard */ = {
			isa = PBXVariantGroup;
			children = (
				1812D35521D3775900AB1C0E /* Base */,
			);
			name = Main.storyboard;
			sourceTree = "<group>";
		};
		1812D35921D3775A00AB1C0E /* LaunchScreen.storyboard */ = {
			isa = PBXVariantGroup;
			children = (
				1812D35A21D3775A00AB1C0E /* Base */,
			);
			name = LaunchScreen.storyboard;
			sourceTree = "<group>";
		};
/* End PBXVariantGroup section */

/* Begin XCBuildConfiguration section */
		1812D35D21D3775A00AB1C0E /* Debug */ = {
			isa = XCBuildConfiguration;
			buildSettings = {
				ALWAYS_SEARCH_USER_PATHS = NO;
				CLANG_ANALYZER_NONNULL = YES;
				CLANG_ANALYZER_NUMBER_OBJECT_CONVERSION = YES_AGGRESSIVE;
				CLANG_CXX_LANGUAGE_STANDARD = "gnu++14";
				CLANG_CXX_LIBRARY = "libc++";
				CLANG_ENABLE_MODULES = YES;
				CLANG_ENABLE_OBJC_ARC = YES;
				CLANG_ENABLE_OBJC_WEAK = YES;
				CLANG_WARN_BLOCK_CAPTURE_AUTORELEASING = YES;
				CLANG_WARN_BOOL_CONVERSION = YES;
				CLANG_WARN_COMMA = YES;
				CLANG_WARN_CONSTANT_CONVERSION = YES;
				CLANG_WARN_DEPRECATED_OBJC_IMPLEMENTATIONS = YES;
				CLANG_WARN_DIRECT_OBJC_ISA_USAGE = YES_ERROR;
				CLANG_WARN_DOCUMENTATION_COMMENTS = YES;
				CLANG_WARN_EMPTY_BODY = YES;
				CLANG_WARN_ENUM_CONVERSION = YES;
				CLANG_WARN_INFINITE_RECURSION = YES;
				CLANG_WARN_INT_CONVERSION = YES;
				CLANG_WARN_NON_LITERAL_NULL_CONVERSION = YES;
				CLANG_WARN_OBJC_IMPLICIT_RETAIN_SELF = YES;
				CLANG_WARN_OBJC_LITERAL_CONVERSION = YES;
				CLANG_WARN_OBJC_ROOT_CLASS = YES_ERROR;
				CLANG_WARN_RANGE_LOOP_ANALYSIS = YES;
				CLANG_WARN_STRICT_PROTOTYPES = YES;
				CLANG_WARN_SUSPICIOUS_MOVE = YES;
				CLANG_WARN_UNGUARDED_AVAILABILITY = YES_AGGRESSIVE;
				CLANG_WARN_UNREACHABLE_CODE = YES;
				CLANG_WARN__DUPLICATE_METHOD_MATCH = YES;
				CODE_SIGN_IDENTITY = "iPhone Developer";
				COPY_PHASE_STRIP = NO;
				DEBUG_INFORMATION_FORMAT = dwarf;
				ENABLE_STRICT_OBJC_MSGSEND = YES;
				ENABLE_TESTABILITY = YES;
				GCC_C_LANGUAGE_STANDARD = gnu11;
				GCC_DYNAMIC_NO_PIC = NO;
				GCC_NO_COMMON_BLOCKS = YES;
				GCC_OPTIMIZATION_LEVEL = 0;
				GCC_PREPROCESSOR_DEFINITIONS = (
					"DEBUG=1",
					"$(inherited)",
				);
				GCC_WARN_64_TO_32_BIT_CONVERSION = YES;
				GCC_WARN_ABOUT_RETURN_TYPE = YES_ERROR;
				GCC_WARN_UNDECLARED_SELECTOR = YES;
				GCC_WARN_UNINITIALIZED_AUTOS = YES_AGGRESSIVE;
				GCC_WARN_UNUSED_FUNCTION = YES;
				GCC_WARN_UNUSED_VARIABLE = YES;
				IPHONEOS_DEPLOYMENT_TARGET = 12.1;
				MTL_ENABLE_DEBUG_INFO = INCLUDE_SOURCE;
				MTL_FAST_MATH = YES;
				ONLY_ACTIVE_ARCH = YES;
				SDKROOT = iphoneos;
				SWIFT_ACTIVE_COMPILATION_CONDITIONS = DEBUG;
				SWIFT_OPTIMIZATION_LEVEL = "-Onone";
			};
			name = Debug;
		};
		1812D35E21D3775A00AB1C0E /* Release */ = {
			isa = XCBuildConfiguration;
			buildSettings = {
				ALWAYS_SEARCH_USER_PATHS = NO;
				CLANG_ANALYZER_NONNULL = YES;
				CLANG_ANALYZER_NUMBER_OBJECT_CONVERSION = YES_AGGRESSIVE;
				CLANG_CXX_LANGUAGE_STANDARD = "gnu++14";
				CLANG_CXX_LIBRARY = "libc++";
				CLANG_ENABLE_MODULES = YES;
				CLANG_ENABLE_OBJC_ARC = YES;
				CLANG_ENABLE_OBJC_WEAK = YES;
				CLANG_WARN_BLOCK_CAPTURE_AUTORELEASING = YES;
				CLANG_WARN_BOOL_CONVERSION = YES;
				CLANG_WARN_COMMA = YES;
				CLANG_WARN_CONSTANT_CONVERSION = YES;
				CLANG_WARN_DEPRECATED_OBJC_IMPLEMENTATIONS = YES;
				CLANG_WARN_DIRECT_OBJC_ISA_USAGE = YES_ERROR;
				CLANG_WARN_DOCUMENTATION_COMMENTS = YES;
				CLANG_WARN_EMPTY_BODY = YES;
				CLANG_WARN_ENUM_CONVERSION = YES;
				CLANG_WARN_INFINITE_RECURSION = YES;
				CLANG_WARN_INT_CONVERSION = YES;
				CLANG_WARN_NON_LITERAL_NULL_CONVERSION = YES;
				CLANG_WARN_OBJC_IMPLICIT_RETAIN_SELF = YES;
				CLANG_WARN_OBJC_LITERAL_CONVERSION = YES;
				CLANG_WARN_OBJC_ROOT_CLASS = YES_ERROR;
				CLANG_WARN_RANGE_LOOP_ANALYSIS = YES;
				CLANG_WARN_STRICT_PROTOTYPES = YES;
				CLANG_WARN_SUSPICIOUS_MOVE = YES;
				CLANG_WARN_UNGUARDED_AVAILABILITY = YES_AGGRESSIVE;
				CLANG_WARN_UNREACHABLE_CODE = YES;
				CLANG_WARN__DUPLICATE_METHOD_MATCH = YES;
				CODE_SIGN_IDENTITY = "iPhone Developer";
				COPY_PHASE_STRIP = NO;
				DEBUG_INFORMATION_FORMAT = "dwarf-with-dsym";
				ENABLE_NS_ASSERTIONS = NO;
				ENABLE_STRICT_OBJC_MSGSEND = YES;
				GCC_C_LANGUAGE_STANDARD = gnu11;
				GCC_NO_COMMON_BLOCKS = YES;
				GCC_WARN_64_TO_32_BIT_CONVERSION = YES;
				GCC_WARN_ABOUT_RETURN_TYPE = YES_ERROR;
				GCC_WARN_UNDECLARED_SELECTOR = YES;
				GCC_WARN_UNINITIALIZED_AUTOS = YES_AGGRESSIVE;
				GCC_WARN_UNUSED_FUNCTION = YES;
				GCC_WARN_UNUSED_VARIABLE = YES;
				IPHONEOS_DEPLOYMENT_TARGET = 12.1;
				MTL_ENABLE_DEBUG_INFO = NO;
				MTL_FAST_MATH = YES;
				SDKROOT = iphoneos;
				SWIFT_COMPILATION_MODE = wholemodule;
				SWIFT_OPTIMIZATION_LEVEL = "-O";
				VALIDATE_PRODUCT = YES;
			};
			name = Release;
		};
		1812D36021D3775A00AB1C0E /* Debug */ = {
			isa = XCBuildConfiguration;
			buildSettings = {
				ASSETCATALOG_COMPILER_APPICON_NAME = AppIcon;
				ASSETCATALOG_COMPILER_LAUNCHIMAGE_NAME = LaunchImage;
				CODE_SIGN_STYLE = Automatic;
				INFOPLIST_FILE = Live/Info.plist;
				IPHONEOS_DEPLOYMENT_TARGET = 9.0;
				LD_RUNPATH_SEARCH_PATHS = (
					"$(inherited)",
					"@executable_path/Frameworks",
				);
				PRODUCT_BUNDLE_IDENTIFIER = com..Live;
				PRODUCT_NAME = "$(TARGET_NAME)";
				SWIFT_VERSION = 4.2;
				TARGETED_DEVICE_FAMILY = "1,2";
			};
			name = Debug;
		};
		1812D36121D3775A00AB1C0E /* Release */ = {
			isa = XCBuildConfiguration;
			buildSettings = {
				ASSETCATALOG_COMPILER_APPICON_NAME = AppIcon;
				ASSETCATALOG_COMPILER_LAUNCHIMAGE_NAME = LaunchImage;
				CODE_SIGN_STYLE = Automatic;
				INFOPLIST_FILE = Live/Info.plist;
				IPHONEOS_DEPLOYMENT_TARGET = 9.0;
				LD_RUNPATH_SEARCH_PATHS = (
					"$(inherited)",
					"@executable_path/Frameworks",
				);
				PRODUCT_BUNDLE_IDENTIFIER = com..Live;
				PRODUCT_NAME = "$(TARGET_NAME)";
				SWIFT_VERSION = 4.2;
				TARGETED_DEVICE_FAMILY = "1,2";
			};
			name = Release;
		};
/* End XCBuildConfiguration section */

/* Begin XCConfigurationList section */
		1812D34821D3775900AB1C0E /* Build configuration list for PBXProject "Live" */ = {
			isa = XCConfigurationList;
			buildConfigurations = (
				1812D35D21D3775A00AB1C0E /* Debug */,
				1812D35E21D3775A00AB1C0E /* Release */,
			);
			defaultConfigurationIsVisible = 0;
			defaultConfigurationName = Release;
		};
		1812D35F21D3775A00AB1C0E /* Build configuration list for PBXNativeTarget "Live" */ = {
			isa = XCConfigurationList;
			buildConfigurations = (
				1812D36021D3775A00AB1C0E /* Debug */,
				1812D36121D3775A00AB1C0E /* Release */,
			);
			defaultConfigurationIsVisible = 0;
			defaultConfigurationName = Release;
		};
/* End XCConfigurationList section */
	};
	rootObject = 1812D34521D3775900AB1C0E /* Project object */;
}
